
Microsoft Visual Studio Solution File, Format Version 12.00
# Visual Studio Version 16
VisualStudioVersion = 16.0.30611.23
MinimumVisualStudioVersion = 10.0.40219.1
Project("{FAE04EC0-301F-11D3-BF4B-00C04F79EFBC}") = "GamblerServerCrossPlatform", "GamblerServerCrossPlatform\GamblerServerCrossPlatform.csproj", "{800E63EF-556E-4581-A13F-A04A0E565AFC}"
EndProject
Global
	GlobalSection(SolutionConfigurationPlatforms) = preSolution
		Debug|Any CPU = Debug|Any CPU
		Release|Any CPU = Release|Any CPU
	EndGlobalSection
	GlobalSection(ProjectConfigurationPlatforms) = postSolution
		{800E63EF-556E-4581-A13F-A04A0E565AFC}.Debug|Any CPU.ActiveCfg = Debug|Any CPU
		{800E63EF-556E-4581-A13F-A04A0E565AFC}.Debug|Any CPU.Build.0 = Debug|Any CPU
		{800E63EF-556E-4581-A13F-A04A0E565AFC}.Release|Any CPU.ActiveCfg = Release|Any CPU
		{800E63EF-556E-4581-A13F-A04A0E565AFC}.Release|Any CPU.Build.0 = Release|Any CPU
	EndGlobalSection
	GlobalSection(SolutionProperties) = preSolution
		HideSolutionNode = FALSE
	EndGlobalSection
	GlobalSection(ExtensibilityGlobals) = postSolution
		SolutionGuid = {487A2F02-A07B-4A95-98D5-CFF8997D0D08}
	EndGlobalSection
EndGlobal
